<?xml version="1.0" encoding="utf-8"?>
<Project ToolsVersion="4.0" xmlns="http://schemas.microsoft.com/developer/msbuild/2003">
  <ItemGroup>
    <Filter Include="Source Files">
      <UniqueIdentifier>{4FC737F1-C7A5-4376-A066-2A32D752A2FF}</UniqueIdentifier>
      <Extensions>cpp;c;cc;cxx;def;odl;idl;hpj;bat;asm;asmx</Extensions>
    </Filter>
    <Filter Include="Header Files">
      <UniqueIdentifier>{93995380-89BD-4b04-88EB-625FBE52EBFB}</UniqueIdentifier>
      <Extensions>h;hpp;hxx;hm;inl;inc;xsd</Extensions>
    </Filter>
    <Filter Include="Resource Files">
      <UniqueIdentifier>{67DA6AB6-F800-4c08-8B7A-83BB121AAD01}</UniqueIdentifier>
      <Extensions>rc;ico;cur;bmp;dlg;rc2;rct;bin;rgs;gif;jpg;jpeg;jpe;resx;tiff;tif;png;wav;mfcribbon-ms</Extensions>
    </Filter>
    <Filter Include="Source Files\Script Dragon">
      <UniqueIdentifier>{5d5df6dd-1c31-4f85-90a0-5a8a266d2d02}</UniqueIdentifier>
    </Filter>
    <Filter Include="Header Files\Script Dragon">
      <UniqueIdentifier>{52f2e132-1798-4252-b4ec-b2067b0db310}</UniqueIdentifier>
    </Filter>
  </ItemGroup>
  <ItemGroup>
    <ClInclude Include="stdafx.h">
      <Filter>Header Files</Filter>
    </ClInclude>
    <ClInclude Include="targetver.h">
      <Filter>Header Files</Filter>
    </ClInclude>
    <ClInclude Include="Script Dragon\enums.h">
      <Filter>Header Files\Script Dragon</Filter>
    </ClInclude>
    <ClInclude Include="Script Dragon\invoke.h">
      <Filter>Header Files\Script Dragon</Filter>
    </ClInclude>
    <ClInclude Include="Script Dragon\obscript.h">
      <Filter>Header Files\Script Dragon</Filter>
    </ClInclude>
    <ClInclude Include="Script Dragon\plugin.h">
      <Filter>Header Files\Script Dragon</Filter>
    </ClInclude>
    <ClInclude Include="Script Dragon\skyscript.h">
      <Filter>Header Files\Script Dragon</Filter>
    </ClInclude>
    <ClInclude Include="Script Dragon\types.h">
      <Filter>Header Files\Script Dragon</Filter>
    </ClInclude>
  </ItemGroup>
  <ItemGroup>
    <ClCompile Include="stdafx.cpp">
      <Filter>Source Files</Filter>
    </ClCompile>
    <ClCompile Include="SkyNet.cpp">
      <Filter>Source Files</Filter>
    </ClCompile>
    <ClCompile Include="Script Dragon\plugin.cpp">
      <Filter>Source Files\Script Dragon</Filter>
    </ClCompile>
  </ItemGroup>
  <ItemGroup>
    <None Include="Script Dragon\plugin.def">
      <Filter>Source Files\Script Dragon</Filter>
    </None>
  </ItemGroup>
</Project>